
Microsoft Visual Studio Solution File, Format Version 12.00
# Visual Studio Version 17
VisualStudioVersion = 17.2.32516.85
MinimumVisualStudioVersion = 10.0.40219.1
Project("{FAE04EC0-301F-11D3-BF4B-00C04F79EFBC}") = "RestSharpAPI", "RestSharpAPI\RestSharpAPI.csproj", "{0BC7D99B-8A32-4F7D-821F-F8EA7D62DBA9}"
EndProject
Global
	GlobalSection(SolutionConfigurationPlatforms) = preSolution
		Debug|Any CPU = Debug|Any CPU
		Release|Any CPU = Release|Any CPU
	EndGlobalSection
	GlobalSection(ProjectConfigurationPlatforms) = postSolution
		{0BC7D99B-8A32-4F7D-821F-F8EA7D62DBA9}.Debug|Any CPU.ActiveCfg = Debug|Any CPU
		{0BC7D99B-8A32-4F7D-821F-F8EA7D62DBA9}.Debug|Any CPU.Build.0 = Debug|Any CPU
		{0BC7D99B-8A32-4F7D-821F-F8EA7D62DBA9}.Release|Any CPU.ActiveCfg = Release|Any CPU
		{0BC7D99B-8A32-4F7D-821F-F8EA7D62DBA9}.Release|Any CPU.Build.0 = Release|Any CPU
	EndGlobalSection
	GlobalSection(SolutionProperties) = preSolution
		HideSolutionNode = FALSE
	EndGlobalSection
	GlobalSection(ExtensibilityGlobals) = postSolution
		SolutionGuid = {285E947F-B0DD-45DC-9B7E-602C74333EBE}
	EndGlobalSection
EndGlobal
